{
  "name": "app",
  "version": "1.0.0",
  "lockfileVersion": 1,
  "requires": true,
  "dependencies": {
    "stateman": {
      "version": "0.3.0-beta.2",
      "resolved": "https://registry.npmjs.org/stateman/-/stateman-0.3.0-beta.2.tgz",
      "integrity": "sha1-fYhSFb2t6lBZsx+JDII7uNH6HxQ="
    }
  }
}
