{
  "name": "app",
  "version": "1.0.0",
  "lockfileVersion": 1,
  "requires": true,
  "dependencies": {
    "jquery": {
      "version": "3.4.1",
      "resolved": "https://registry.npmjs.org/jquery/-/jquery-3.4.1.tgz",
      "integrity": "sha512-36+AdBzCL+y6qjw5Tx7HgzeGCzC81MDDgaUP8ld2zhx58HdqXGoBd+tHdrBMiyjGQs0Hxs/MLZTu/eHNJJuWPw=="
    },
    "stateman": {
      "version": "0.3.0-beta.2",
      "resolved": "https://registry.npmjs.org/stateman/-/stateman-0.3.0-beta.2.tgz",
      "integrity": "sha1-fYhSFb2t6lBZsx+JDII7uNH6HxQ="
    },
    "static-player": {
      "version": "0.0.13",
      "resolved": "https://registry.npmjs.org/static-player/-/static-player-0.0.13.tgz",
      "integrity": "sha1-/7lq3nitJmn2dKBC2HQ0Xn2/3ZU="
    }
  }
}
